
Microsoft Visual Studio Solution File, Format Version 12.00
# Visual Studio Version 16
VisualStudioVersion = 16.0.30413.136
MinimumVisualStudioVersion = 10.0.40219.1
Project("{FAE04EC0-301F-11D3-BF4B-00C04F79EFBC}") = "testPostgre", "testPostgre.csproj", "{725211CE-B8A2-4829-97A7-D950A57622E6}"
EndProject
Global
	GlobalSection(SolutionConfigurationPlatforms) = preSolution
		Debug|Any CPU = Debug|Any CPU
		Release|Any CPU = Release|Any CPU
	EndGlobalSection
	GlobalSection(ProjectConfigurationPlatforms) = postSolution
		{725211CE-B8A2-4829-97A7-D950A57622E6}.Debug|Any CPU.ActiveCfg = Debug|Any CPU
		{725211CE-B8A2-4829-97A7-D950A57622E6}.Debug|Any CPU.Build.0 = Debug|Any CPU
		{725211CE-B8A2-4829-97A7-D950A57622E6}.Release|Any CPU.ActiveCfg = Release|Any CPU
		{725211CE-B8A2-4829-97A7-D950A57622E6}.Release|Any CPU.Build.0 = Release|Any CPU
	EndGlobalSection
	GlobalSection(SolutionProperties) = preSolution
		HideSolutionNode = FALSE
	EndGlobalSection
	GlobalSection(ExtensibilityGlobals) = postSolution
		SolutionGuid = {119ECC2B-E125-4747-86A9-18D7373A1756}
	EndGlobalSection
EndGlobal
